// !$*UTF8*$!
{
	archiveVersion = 1;
	classes = {
	};
	objectVersion = 50;
	objects = {

/* Begin PBXBuildFile section */
		0E217871211B137300680721 /* AppDelegate.swift in Sources */ = {isa = PBXBuildFile; fileRef = 0E217870211B137300680721 /* AppDelegate.swift */; };
		0E217876211B137300680721 /* Main.storyboard in Resources */ = {isa = PBXBuildFile; fileRef = 0E217874211B137300680721 /* Main.storyboard */; };
		0E217878211B137300680721 /* Assets.xcassets in Resources */ = {isa = PBXBuildFile; fileRef = 0E217877211B137300680721 /* Assets.xcassets */; };
		0E21787B211B137300680721 /* LaunchScreen.storyboard in Resources */ = {isa = PBXBuildFile; fileRef = 0E217879211B137300680721 /* LaunchScreen.storyboard */; };
		0E217883211B15B700680721 /* Beer.swift in Sources */ = {isa = PBXBuildFile; fileRef = 0E217882211B15B700680721 /* Beer.swift */; };
		0E217885211B17C000680721 /* SampleData.swift in Sources */ = {isa = PBXBuildFile; fileRef = 0E217884211B17C000680721 /* SampleData.swift */; };
		0E2178892121562000680721 /* BeerPhotoCell.swift in Sources */ = {isa = PBXBuildFile; fileRef = 0E2178882121562000680721 /* BeerPhotoCell.swift */; };
		0E21788B212174CA00680721 /* BeerListViewController.swift in Sources */ = {isa = PBXBuildFile; fileRef = 0E21788A212174CA00680721 /* BeerListViewController.swift */; };
		0E21788D21217B5C00680721 /* BeerDetailViewController.swift in Sources */ = {isa = PBXBuildFile; fileRef = 0E21788C21217B5C00680721 /* BeerDetailViewController.swift */; };
		0E21788F2121963C00680721 /* ImageViewExtension.swift in Sources */ = {isa = PBXBuildFile; fileRef = 0E21788E2121963C00680721 /* ImageViewExtension.swift */; };
		0E21789121219BBB00680721 /* Constants.swift in Sources */ = {isa = PBXBuildFile; fileRef = 0E21789021219BBB00680721 /* Constants.swift */; };
		0E2178CC21242C0600680721 /* BeerListViewModel.swift in Sources */ = {isa = PBXBuildFile; fileRef = 0E2178CB21242C0600680721 /* BeerListViewModel.swift */; };
		0E2178CE21243A9300680721 /* BeerRepository.swift in Sources */ = {isa = PBXBuildFile; fileRef = 0E2178CD21243A9300680721 /* BeerRepository.swift */; };
		0E2178D42124B17500680721 /* BeerListViewable.swift in Sources */ = {isa = PBXBuildFile; fileRef = 0E2178D32124B17500680721 /* BeerListViewable.swift */; };
		0E2178D62124B1BE00680721 /* BeerDataGetable.swift in Sources */ = {isa = PBXBuildFile; fileRef = 0E2178D52124B1BE00680721 /* BeerDataGetable.swift */; };
		0E429593212C144A0081BC41 /* MockRespository.swift in Sources */ = {isa = PBXBuildFile; fileRef = 0E429592212C144A0081BC41 /* MockRespository.swift */; };
		0E429595212D3A5F0081BC41 /* .codecov.yml in Resources */ = {isa = PBXBuildFile; fileRef = 0E429594212D3A5F0081BC41 /* .codecov.yml */; };
		0E4433D1212585DE0055B736 /* SwiftCollectionViewTests.swift in Sources */ = {isa = PBXBuildFile; fileRef = 0E4433D0212585DE0055B736 /* SwiftCollectionViewTests.swift */; };
		0E4434132125A4900055B736 /* ImageViewDownloadable.swift in Sources */ = {isa = PBXBuildFile; fileRef = 0E4434122125A4900055B736 /* ImageViewDownloadable.swift */; };
		0E4434152126A8E90055B736 /* BeerRepositoryTests.swift in Sources */ = {isa = PBXBuildFile; fileRef = 0E4434142126A8E90055B736 /* BeerRepositoryTests.swift */; };
		0E4434192126A9E20055B736 /* BeerListViewModelTests.swift in Sources */ = {isa = PBXBuildFile; fileRef = 0E4434182126A9E20055B736 /* BeerListViewModelTests.swift */; };
		0E4434202126BDE30055B736 /* SuccessMockRespositoryGetBeerData.swift in Sources */ = {isa = PBXBuildFile; fileRef = 0E44341F2126BDE30055B736 /* SuccessMockRespositoryGetBeerData.swift */; };
		0E4434222126BE1B0055B736 /* FailedMockRespositoryGetBeerData.swift in Sources */ = {isa = PBXBuildFile; fileRef = 0E4434212126BE1B0055B736 /* FailedMockRespositoryGetBeerData.swift */; };
		0E4434262126BEC40055B736 /* MockBeerListViewable.swift in Sources */ = {isa = PBXBuildFile; fileRef = 0E4434252126BEC40055B736 /* MockBeerListViewable.swift */; };
		AA9CB37B4EBFDA146173A66E /* Pods_SwiftCollectionView.framework in Frameworks */ = {isa = PBXBuildFile; fileRef = 514EFD5F16EB3D17D58024F4 /* Pods_SwiftCollectionView.framework */; };
/* End PBXBuildFile section */

/* Begin PBXContainerItemProxy section */
		0E4433D3212585DE0055B736 /* PBXContainerItemProxy */ = {
			isa = PBXContainerItemProxy;
			containerPortal = 0E217865211B137300680721 /* Project object */;
			proxyType = 1;
			remoteGlobalIDString = 0E21786C211B137300680721;
			remoteInfo = SwiftCollectionView;
		};
/* End PBXContainerItemProxy section */

/* Begin PBXFileReference section */
		0E21786D211B137300680721 /* SwiftCollectionView.app */ = {isa = PBXFileReference; explicitFileType = wrapper.application; includeInIndex = 0; path = SwiftCollectionView.app; sourceTree = BUILT_PRODUCTS_DIR; };
		0E217870211B137300680721 /* AppDelegate.swift */ = {isa = PBXFileReference; lastKnownFileType = sourcecode.swift; path = AppDelegate.swift; sourceTree = "<group>"; };
		0E217875211B137300680721 /* Base */ = {isa = PBXFileReference; lastKnownFileType = file.storyboard; name = Base; path = Base.lproj/Main.storyboard; sourceTree = "<group>"; };
		0E217877211B137300680721 /* Assets.xcassets */ = {isa = PBXFileReference; lastKnownFileType = folder.assetcatalog; path = Assets.xcassets; sourceTree = "<group>"; };
		0E21787A211B137300680721 /* Base */ = {isa = PBXFileReference; lastKnownFileType = file.storyboard; name = Base; path = Base.lproj/LaunchScreen.storyboard; sourceTree = "<group>"; };
		0E21787C211B137300680721 /* Info.plist */ = {isa = PBXFileReference; lastKnownFileType = text.plist.xml; path = Info.plist; sourceTree = "<group>"; };
		0E217882211B15B700680721 /* Beer.swift */ = {isa = PBXFileReference; lastKnownFileType = sourcecode.swift; path = Beer.swift; sourceTree = "<group>"; };
		0E217884211B17C000680721 /* SampleData.swift */ = {isa = PBXFileReference; lastKnownFileType = sourcecode.swift; path = SampleData.swift; sourceTree = "<group>"; };
		0E2178882121562000680721 /* BeerPhotoCell.swift */ = {isa = PBXFileReference; lastKnownFileType = sourcecode.swift; path = BeerPhotoCell.swift; sourceTree = "<group>"; };
		0E21788A212174CA00680721 /* BeerListViewController.swift */ = {isa = PBXFileReference; lastKnownFileType = sourcecode.swift; path = BeerListViewController.swift; sourceTree = "<group>"; };
		0E21788C21217B5C00680721 /* BeerDetailViewController.swift */ = {isa = PBXFileReference; lastKnownFileType = sourcecode.swift; path = BeerDetailViewController.swift; sourceTree = "<group>"; };
		0E21788E2121963C00680721 /* ImageViewExtension.swift */ = {isa = PBXFileReference; lastKnownFileType = sourcecode.swift; path = ImageViewExtension.swift; sourceTree = "<group>"; };
		0E21789021219BBB00680721 /* Constants.swift */ = {isa = PBXFileReference; lastKnownFileType = sourcecode.swift; path = Constants.swift; sourceTree = "<group>"; };
		0E2178CB21242C0600680721 /* BeerListViewModel.swift */ = {isa = PBXFileReference; lastKnownFileType = sourcecode.swift; path = BeerListViewModel.swift; sourceTree = "<group>"; };
		0E2178CD21243A9300680721 /* BeerRepository.swift */ = {isa = PBXFileReference; lastKnownFileType = sourcecode.swift; path = BeerRepository.swift; sourceTree = "<group>"; };
		0E2178D32124B17500680721 /* BeerListViewable.swift */ = {isa = PBXFileReference; lastKnownFileType = sourcecode.swift; path = BeerListViewable.swift; sourceTree = "<group>"; };
		0E2178D52124B1BE00680721 /* BeerDataGetable.swift */ = {isa = PBXFileReference; lastKnownFileType = sourcecode.swift; path = BeerDataGetable.swift; sourceTree = "<group>"; };
		0E429592212C144A0081BC41 /* MockRespository.swift */ = {isa = PBXFileReference; lastKnownFileType = sourcecode.swift; path = MockRespository.swift; sourceTree = "<group>"; };
		0E429594212D3A5F0081BC41 /* .codecov.yml */ = {isa = PBXFileReference; lastKnownFileType = text; path = .codecov.yml; sourceTree = "<group>"; };
		0E4433CE212585DE0055B736 /* SwiftCollectionViewTests.xctest */ = {isa = PBXFileReference; explicitFileType = wrapper.cfbundle; includeInIndex = 0; path = SwiftCollectionViewTests.xctest; sourceTree = BUILT_PRODUCTS_DIR; };
		0E4433D0212585DE0055B736 /* SwiftCollectionViewTests.swift */ = {isa = PBXFileReference; lastKnownFileType = sourcecode.swift; path = SwiftCollectionViewTests.swift; sourceTree = "<group>"; };
		0E4433D2212585DE0055B736 /* Info.plist */ = {isa = PBXFileReference; lastKnownFileType = text.plist.xml; path = Info.plist; sourceTree = "<group>"; };
		0E4434122125A4900055B736 /* ImageViewDownloadable.swift */ = {isa = PBXFileReference; lastKnownFileType = sourcecode.swift; path = ImageViewDownloadable.swift; sourceTree = "<group>"; };
		0E4434142126A8E90055B736 /* BeerRepositoryTests.swift */ = {isa = PBXFileReference; lastKnownFileType = sourcecode.swift; path = BeerRepositoryTests.swift; sourceTree = "<group>"; };
		0E4434182126A9E20055B736 /* BeerListViewModelTests.swift */ = {isa = PBXFileReference; lastKnownFileType = sourcecode.swift; path = BeerListViewModelTests.swift; sourceTree = "<group>"; };
		0E44341F2126BDE30055B736 /* SuccessMockRespositoryGetBeerData.swift */ = {isa = PBXFileReference; lastKnownFileType = sourcecode.swift; path = SuccessMockRespositoryGetBeerData.swift; sourceTree = "<group>"; };
		0E4434212126BE1B0055B736 /* FailedMockRespositoryGetBeerData.swift */ = {isa = PBXFileReference; lastKnownFileType = sourcecode.swift; path = FailedMockRespositoryGetBeerData.swift; sourceTree = "<group>"; };
		0E4434252126BEC40055B736 /* MockBeerListViewable.swift */ = {isa = PBXFileReference; lastKnownFileType = sourcecode.swift; path = MockBeerListViewable.swift; sourceTree = "<group>"; };
		29A95A77F015D02DCC6386C8 /* Pods-SwiftCollectionView.release.xcconfig */ = {isa = PBXFileReference; includeInIndex = 1; lastKnownFileType = text.xcconfig; name = "Pods-SwiftCollectionView.release.xcconfig"; path = "Pods/Target Support Files/Pods-SwiftCollectionView/Pods-SwiftCollectionView.release.xcconfig"; sourceTree = "<group>"; };
		2DEFC6B0226207C2F9FB16AA /* Pods-SwiftCollectionView.debug.xcconfig */ = {isa = PBXFileReference; includeInIndex = 1; lastKnownFileType = text.xcconfig; name = "Pods-SwiftCollectionView.debug.xcconfig"; path = "Pods/Target Support Files/Pods-SwiftCollectionView/Pods-SwiftCollectionView.debug.xcconfig"; sourceTree = "<group>"; };
		514EFD5F16EB3D17D58024F4 /* Pods_SwiftCollectionView.framework */ = {isa = PBXFileReference; explicitFileType = wrapper.framework; includeInIndex = 0; path = Pods_SwiftCollectionView.framework; sourceTree = BUILT_PRODUCTS_DIR; };
/* End PBXFileReference section */

/* Begin PBXFrameworksBuildPhase section */
		0E21786A211B137300680721 /* Frameworks */ = {
			isa = PBXFrameworksBuildPhase;
			buildActionMask = 2147483647;
			files = (
				AA9CB37B4EBFDA146173A66E /* Pods_SwiftCollectionView.framework in Frameworks */,
			);
			runOnlyForDeploymentPostprocessing = 0;
		};
		0E4433CB212585DE0055B736 /* Frameworks */ = {
			isa = PBXFrameworksBuildPhase;
			buildActionMask = 2147483647;
			files = (
			);
			runOnlyForDeploymentPostprocessing = 0;
		};
/* End PBXFrameworksBuildPhase section */

/* Begin PBXGroup section */
		0E217864211B137300680721 = {
			isa = PBXGroup;
			children = (
				0E429594212D3A5F0081BC41 /* .codecov.yml */,
				0E21786F211B137300680721 /* SwiftCollectionView */,
				0E4433CF212585DE0055B736 /* SwiftCollectionViewTests */,
				0E21786E211B137300680721 /* Products */,
				7F7A6DCC0A302229CA9D2861 /* Pods */,
				D08555DC675384CFFD2F1DA0 /* Frameworks */,
			);
			sourceTree = "<group>";
		};
		0E21786E211B137300680721 /* Products */ = {
			isa = PBXGroup;
			children = (
				0E21786D211B137300680721 /* SwiftCollectionView.app */,
				0E4433CE212585DE0055B736 /* SwiftCollectionViewTests.xctest */,
			);
			name = Products;
			sourceTree = "<group>";
		};
		0E21786F211B137300680721 /* SwiftCollectionView */ = {
			isa = PBXGroup;
			children = (
				0E2178D0212453B900680721 /* ViewModel */,
				0E2178CF212453A000680721 /* Repository */,
				0E21789C2121A3BD00680721 /* Extensions */,
				0E21789B2121A38400680721 /* SampleData */,
				0E21789A2121A37D00680721 /* View */,
				0E2178982121A36100680721 /* Model */,
				0E2178972121A35800680721 /* Controllers */,
				0E2178962121A34E00680721 /* Constants */,
				0E217870211B137300680721 /* AppDelegate.swift */,
				0E217874211B137300680721 /* Main.storyboard */,
				0E217877211B137300680721 /* Assets.xcassets */,
				0E217879211B137300680721 /* LaunchScreen.storyboard */,
				0E21787C211B137300680721 /* Info.plist */,
			);
			path = SwiftCollectionView;
			sourceTree = "<group>";
		};
		0E2178962121A34E00680721 /* Constants */ = {
			isa = PBXGroup;
			children = (
				0E21789021219BBB00680721 /* Constants.swift */,
			);
			path = Constants;
			sourceTree = "<group>";
		};
		0E2178972121A35800680721 /* Controllers */ = {
			isa = PBXGroup;
			children = (
				0E21788C21217B5C00680721 /* BeerDetailViewController.swift */,
				0E21788A212174CA00680721 /* BeerListViewController.swift */,
				0E2178D32124B17500680721 /* BeerListViewable.swift */,
			);
			path = Controllers;
			sourceTree = "<group>";
		};
		0E2178982121A36100680721 /* Model */ = {
			isa = PBXGroup;
			children = (
				0E217882211B15B700680721 /* Beer.swift */,
			);
			path = Model;
			sourceTree = "<group>";
		};
		0E21789A2121A37D00680721 /* View */ = {
			isa = PBXGroup;
			children = (
				0E2178882121562000680721 /* BeerPhotoCell.swift */,
			);
			path = View;
			sourceTree = "<group>";
		};
		0E21789B2121A38400680721 /* SampleData */ = {
			isa = PBXGroup;
			children = (
				0E217884211B17C000680721 /* SampleData.swift */,
			);
			path = SampleData;
			sourceTree = "<group>";
		};
		0E21789C2121A3BD00680721 /* Extensions */ = {
			isa = PBXGroup;
			children = (
				0E21788E2121963C00680721 /* ImageViewExtension.swift */,
				0E4434122125A4900055B736 /* ImageViewDownloadable.swift */,
			);
			path = Extensions;
			sourceTree = "<group>";
		};
		0E2178CF212453A000680721 /* Repository */ = {
			isa = PBXGroup;
			children = (
				0E2178CD21243A9300680721 /* BeerRepository.swift */,
				0E2178D52124B1BE00680721 /* BeerDataGetable.swift */,
			);
			path = Repository;
			sourceTree = "<group>";
		};
		0E2178D0212453B900680721 /* ViewModel */ = {
			isa = PBXGroup;
			children = (
				0E2178CB21242C0600680721 /* BeerListViewModel.swift */,
			);
			path = ViewModel;
			sourceTree = "<group>";
		};
		0E4433CF212585DE0055B736 /* SwiftCollectionViewTests */ = {
			isa = PBXGroup;
			children = (
				0E44341E2126BD890055B736 /* Mocked Classes */,
				0E4434182126A9E20055B736 /* BeerListViewModelTests.swift */,
				0E4434142126A8E90055B736 /* BeerRepositoryTests.swift */,
				0E4433D0212585DE0055B736 /* SwiftCollectionViewTests.swift */,
				0E4433D2212585DE0055B736 /* Info.plist */,
			);
			path = SwiftCollectionViewTests;
			sourceTree = "<group>";
		};
		0E44341E2126BD890055B736 /* Mocked Classes */ = {
			isa = PBXGroup;
			children = (
				0E44341F2126BDE30055B736 /* SuccessMockRespositoryGetBeerData.swift */,
				0E4434212126BE1B0055B736 /* FailedMockRespositoryGetBeerData.swift */,
				0E4434252126BEC40055B736 /* MockBeerListViewable.swift */,
				0E429592212C144A0081BC41 /* MockRespository.swift */,
			);
			path = "Mocked Classes";
			sourceTree = "<group>";
		};
		7F7A6DCC0A302229CA9D2861 /* Pods */ = {
			isa = PBXGroup;
			children = (
				2DEFC6B0226207C2F9FB16AA /* Pods-SwiftCollectionView.debug.xcconfig */,
				29A95A77F015D02DCC6386C8 /* Pods-SwiftCollectionView.release.xcconfig */,
			);
			name = Pods;
			sourceTree = "<group>";
		};
		D08555DC675384CFFD2F1DA0 /* Frameworks */ = {
			isa = PBXGroup;
			children = (
				514EFD5F16EB3D17D58024F4 /* Pods_SwiftCollectionView.framework */,
			);
			name = Frameworks;
			sourceTree = "<group>";
		};
/* End PBXGroup section */

/* Begin PBXNativeTarget section */
		0E21786C211B137300680721 /* SwiftCollectionView */ = {
			isa = PBXNativeTarget;
			buildConfigurationList = 0E21787F211B137300680721 /* Build configuration list for PBXNativeTarget "SwiftCollectionView" */;
			buildPhases = (
				EF42A91552B18904E74ACEF0 /* [CP] Check Pods Manifest.lock */,
				0E217869211B137300680721 /* Sources */,
				0E21786A211B137300680721 /* Frameworks */,
				0E21786B211B137300680721 /* Resources */,
				5A03439E5DCCC371297675C6 /* [CP] Embed Pods Frameworks */,
			);
			buildRules = (
			);
			dependencies = (
			);
			name = SwiftCollectionView;
			productName = SwiftCollectionView;
			productReference = 0E21786D211B137300680721 /* SwiftCollectionView.app */;
			productType = "com.apple.product-type.application";
		};
		0E4433CD212585DE0055B736 /* SwiftCollectionViewTests */ = {
			isa = PBXNativeTarget;
			buildConfigurationList = 0E4433D7212585DE0055B736 /* Build configuration list for PBXNativeTarget "SwiftCollectionViewTests" */;
			buildPhases = (
				0E4433CA212585DE0055B736 /* Sources */,
				0E4433CB212585DE0055B736 /* Frameworks */,
				0E4433CC212585DE0055B736 /* Resources */,
			);
			buildRules = (
			);
			dependencies = (
				0E4433D4212585DE0055B736 /* PBXTargetDependency */,
			);
			name = SwiftCollectionViewTests;
			productName = SwiftCollectionViewTests;
			productReference = 0E4433CE212585DE0055B736 /* SwiftCollectionViewTests.xctest */;
			productType = "com.apple.product-type.bundle.unit-test";
		};
/* End PBXNativeTarget section */

/* Begin PBXProject section */
		0E217865211B137300680721 /* Project object */ = {
			isa = PBXProject;
			attributes = {
				LastSwiftUpdateCheck = 0940;
				LastUpgradeCheck = 0940;
				ORGANIZATIONNAME = Pranesh;
				TargetAttributes = {
					0E21786C211B137300680721 = {
						CreatedOnToolsVersion = 9.4.1;
					};
					0E4433CD212585DE0055B736 = {
						CreatedOnToolsVersion = 9.4.1;
						TestTargetID = 0E21786C211B137300680721;
					};
				};
			};
			buildConfigurationList = 0E217868211B137300680721 /* Build configuration list for PBXProject "SwiftCollectionView" */;
			compatibilityVersion = "Xcode 9.3";
			developmentRegion = en;
			hasScannedForEncodings = 0;
			knownRegions = (
				en,
				Base,
			);
			mainGroup = 0E217864211B137300680721;
			productRefGroup = 0E21786E211B137300680721 /* Products */;
			projectDirPath = "";
			projectRoot = "";
			targets = (
				0E21786C211B137300680721 /* SwiftCollectionView */,
				0E4433CD212585DE0055B736 /* SwiftCollectionViewTests */,
			);
		};
/* End PBXProject section */

/* Begin PBXResourcesBuildPhase section */
		0E21786B211B137300680721 /* Resources */ = {
			isa = PBXResourcesBuildPhase;
			buildActionMask = 2147483647;
			files = (
				0E21787B211B137300680721 /* LaunchScreen.storyboard in Resources */,
				0E429595212D3A5F0081BC41 /* .codecov.yml in Resources */,
				0E217878211B137300680721 /* Assets.xcassets in Resources */,
				0E217876211B137300680721 /* Main.storyboard in Resources */,
			);
			runOnlyForDeploymentPostprocessing = 0;
		};
		0E4433CC212585DE0055B736 /* Resources */ = {
			isa = PBXResourcesBuildPhase;
			buildActionMask = 2147483647;
			files = (
			);
			runOnlyForDeploymentPostprocessing = 0;
		};
/* End PBXResourcesBuildPhase section */

/* Begin PBXShellScriptBuildPhase section */
		5A03439E5DCCC371297675C6 /* [CP] Embed Pods Frameworks */ = {
			isa = PBXShellScriptBuildPhase;
			buildActionMask = 2147483647;
			files = (
			);
			inputPaths = (
				"${SRCROOT}/Pods/Target Support Files/Pods-SwiftCollectionView/Pods-SwiftCollectionView-frameworks.sh",
				"${BUILT_PRODUCTS_DIR}/Alamofire/Alamofire.framework",
				"${BUILT_PRODUCTS_DIR}/AlamofireImage/AlamofireImage.framework",
			);
			name = "[CP] Embed Pods Frameworks";
			outputPaths = (
				"${TARGET_BUILD_DIR}/${FRAMEWORKS_FOLDER_PATH}/Alamofire.framework",
				"${TARGET_BUILD_DIR}/${FRAMEWORKS_FOLDER_PATH}/AlamofireImage.framework",
			);
			runOnlyForDeploymentPostprocessing = 0;
			shellPath = /bin/sh;
			shellScript = "\"${SRCROOT}/Pods/Target Support Files/Pods-SwiftCollectionView/Pods-SwiftCollectionView-frameworks.sh\"\n";
			showEnvVarsInLog = 0;
		};
		EF42A91552B18904E74ACEF0 /* [CP] Check Pods Manifest.lock */ = {
			isa = PBXShellScriptBuildPhase;
			buildActionMask = 2147483647;
			files = (
			);
			inputPaths = (
				"${PODS_PODFILE_DIR_PATH}/Podfile.lock",
				"${PODS_ROOT}/Manifest.lock",
			);
			name = "[CP] Check Pods Manifest.lock";
			outputPaths = (
				"$(DERIVED_FILE_DIR)/Pods-SwiftCollectionView-checkManifestLockResult.txt",
			);
			runOnlyForDeploymentPostprocessing = 0;
			shellPath = /bin/sh;
			shellScript = "diff \"${PODS_PODFILE_DIR_PATH}/Podfile.lock\" \"${PODS_ROOT}/Manifest.lock\" > /dev/null\nif [ $? != 0 ] ; then\n    # print error to STDERR\n    echo \"error: The sandbox is not in sync with the Podfile.lock. Run 'pod install' or update your CocoaPods installation.\" >&2\n    exit 1\nfi\n# This output is used by Xcode 'outputs' to avoid re-running this script phase.\necho \"SUCCESS\" > \"${SCRIPT_OUTPUT_FILE_0}\"\n";
			showEnvVarsInLog = 0;
		};
/* End PBXShellScriptBuildPhase section */

/* Begin PBXSourcesBuildPhase section */
		0E217869211B137300680721 /* Sources */ = {
			isa = PBXSourcesBuildPhase;
			buildActionMask = 2147483647;
			files = (
				0E2178CE21243A9300680721 /* BeerRepository.swift in Sources */,
				0E2178892121562000680721 /* BeerPhotoCell.swift in Sources */,
				0E21788D21217B5C00680721 /* BeerDetailViewController.swift in Sources */,
				0E4434132125A4900055B736 /* ImageViewDownloadable.swift in Sources */,
				0E2178D62124B1BE00680721 /* BeerDataGetable.swift in Sources */,
				0E217883211B15B700680721 /* Beer.swift in Sources */,
				0E2178CC21242C0600680721 /* BeerListViewModel.swift in Sources */,
				0E217871211B137300680721 /* AppDelegate.swift in Sources */,
				0E21788B212174CA00680721 /* BeerListViewController.swift in Sources */,
				0E217885211B17C000680721 /* SampleData.swift in Sources */,
				0E21788F2121963C00680721 /* ImageViewExtension.swift in Sources */,
				0E2178D42124B17500680721 /* BeerListViewable.swift in Sources */,
				0E21789121219BBB00680721 /* Constants.swift in Sources */,
			);
			runOnlyForDeploymentPostprocessing = 0;
		};
		0E4433CA212585DE0055B736 /* Sources */ = {
			isa = PBXSourcesBuildPhase;
			buildActionMask = 2147483647;
			files = (
				0E4434262126BEC40055B736 /* MockBeerListViewable.swift in Sources */,
				0E4433D1212585DE0055B736 /* SwiftCollectionViewTests.swift in Sources */,
				0E4434222126BE1B0055B736 /* FailedMockRespositoryGetBeerData.swift in Sources */,
				0E4434202126BDE30055B736 /* SuccessMockRespositoryGetBeerData.swift in Sources */,
				0E4434192126A9E20055B736 /* BeerListViewModelTests.swift in Sources */,
				0E4434152126A8E90055B736 /* BeerRepositoryTests.swift in Sources */,
				0E429593212C144A0081BC41 /* MockRespository.swift in Sources */,
			);
			runOnlyForDeploymentPostprocessing = 0;
		};
/* End PBXSourcesBuildPhase section */

/* Begin PBXTargetDependency section */
		0E4433D4212585DE0055B736 /* PBXTargetDependency */ = {
			isa = PBXTargetDependency;
			target = 0E21786C211B137300680721 /* SwiftCollectionView */;
			targetProxy = 0E4433D3212585DE0055B736 /* PBXContainerItemProxy */;
		};
/* End PBXTargetDependency section */

/* Begin PBXVariantGroup section */
		0E217874211B137300680721 /* Main.storyboard */ = {
			isa = PBXVariantGroup;
			children = (
				0E217875211B137300680721 /* Base */,
			);
			name = Main.storyboard;
			sourceTree = "<group>";
		};
		0E217879211B137300680721 /* LaunchScreen.storyboard */ = {
			isa = PBXVariantGroup;
			children = (
				0E21787A211B137300680721 /* Base */,
			);
			name = LaunchScreen.storyboard;
			sourceTree = "<group>";
		};
/* End PBXVariantGroup section */

/* Begin XCBuildConfiguration section */
		0E21787D211B137300680721 /* Debug */ = {
			isa = XCBuildConfiguration;
			buildSettings = {
				ALWAYS_SEARCH_USER_PATHS = NO;
				CLANG_ANALYZER_NONNULL = YES;
				CLANG_ANALYZER_NUMBER_OBJECT_CONVERSION = YES_AGGRESSIVE;
				CLANG_CXX_LANGUAGE_STANDARD = "gnu++14";
				CLANG_CXX_LIBRARY = "libc++";
				CLANG_ENABLE_MODULES = YES;
				CLANG_ENABLE_OBJC_ARC = YES;
				CLANG_ENABLE_OBJC_WEAK = YES;
				CLANG_WARN_BLOCK_CAPTURE_AUTORELEASING = YES;
				CLANG_WARN_BOOL_CONVERSION = YES;
				CLANG_WARN_COMMA = YES;
				CLANG_WARN_CONSTANT_CONVERSION = YES;
				CLANG_WARN_DEPRECATED_OBJC_IMPLEMENTATIONS = YES;
				CLANG_WARN_DIRECT_OBJC_ISA_USAGE = YES_ERROR;
				CLANG_WARN_DOCUMENTATION_COMMENTS = YES;
				CLANG_WARN_EMPTY_BODY = YES;
				CLANG_WARN_ENUM_CONVERSION = YES;
				CLANG_WARN_INFINITE_RECURSION = YES;
				CLANG_WARN_INT_CONVERSION = YES;
				CLANG_WARN_NON_LITERAL_NULL_CONVERSION = YES;
				CLANG_WARN_OBJC_IMPLICIT_RETAIN_SELF = YES;
				CLANG_WARN_OBJC_LITERAL_CONVERSION = YES;
				CLANG_WARN_OBJC_ROOT_CLASS = YES_ERROR;
				CLANG_WARN_RANGE_LOOP_ANALYSIS = YES;
				CLANG_WARN_STRICT_PROTOTYPES = YES;
				CLANG_WARN_SUSPICIOUS_MOVE = YES;
				CLANG_WARN_UNGUARDED_AVAILABILITY = YES_AGGRESSIVE;
				CLANG_WARN_UNREACHABLE_CODE = YES;
				CLANG_WARN__DUPLICATE_METHOD_MATCH = YES;
				CODE_SIGN_IDENTITY = "iPhone Developer";
				COPY_PHASE_STRIP = NO;
				DEBUG_INFORMATION_FORMAT = dwarf;
				ENABLE_STRICT_OBJC_MSGSEND = YES;
				ENABLE_TESTABILITY = YES;
				GCC_C_LANGUAGE_STANDARD = gnu11;
				GCC_DYNAMIC_NO_PIC = NO;
				GCC_NO_COMMON_BLOCKS = YES;
				GCC_OPTIMIZATION_LEVEL = 0;
				GCC_PREPROCESSOR_DEFINITIONS = (
					"DEBUG=1",
					"$(inherited)",
				);
				GCC_WARN_64_TO_32_BIT_CONVERSION = YES;
				GCC_WARN_ABOUT_RETURN_TYPE = YES_ERROR;
				GCC_WARN_UNDECLARED_SELECTOR = YES;
				GCC_WARN_UNINITIALIZED_AUTOS = YES_AGGRESSIVE;
				GCC_WARN_UNUSED_FUNCTION = YES;
				GCC_WARN_UNUSED_VARIABLE = YES;
				IPHONEOS_DEPLOYMENT_TARGET = 11.4;
				MTL_ENABLE_DEBUG_INFO = YES;
				ONLY_ACTIVE_ARCH = YES;
				SDKROOT = iphoneos;
				SWIFT_ACTIVE_COMPILATION_CONDITIONS = DEBUG;
				SWIFT_OPTIMIZATION_LEVEL = "-Onone";
			};
			name = Debug;
		};
		0E21787E211B137300680721 /* Release */ = {
			isa = XCBuildConfiguration;
			buildSettings = {
				ALWAYS_SEARCH_USER_PATHS = NO;
				CLANG_ANALYZER_NONNULL = YES;
				CLANG_ANALYZER_NUMBER_OBJECT_CONVERSION = YES_AGGRESSIVE;
				CLANG_CXX_LANGUAGE_STANDARD = "gnu++14";
				CLANG_CXX_LIBRARY = "libc++";
				CLANG_ENABLE_MODULES = YES;
				CLANG_ENABLE_OBJC_ARC = YES;
				CLANG_ENABLE_OBJC_WEAK = YES;
				CLANG_WARN_BLOCK_CAPTURE_AUTORELEASING = YES;
				CLANG_WARN_BOOL_CONVERSION = YES;
				CLANG_WARN_COMMA = YES;
				CLANG_WARN_CONSTANT_CONVERSION = YES;
				CLANG_WARN_DEPRECATED_OBJC_IMPLEMENTATIONS = YES;
				CLANG_WARN_DIRECT_OBJC_ISA_USAGE = YES_ERROR;
				CLANG_WARN_DOCUMENTATION_COMMENTS = YES;
				CLANG_WARN_EMPTY_BODY = YES;
				CLANG_WARN_ENUM_CONVERSION = YES;
				CLANG_WARN_INFINITE_RECURSION = YES;
				CLANG_WARN_INT_CONVERSION = YES;
				CLANG_WARN_NON_LITERAL_NULL_CONVERSION = YES;
				CLANG_WARN_OBJC_IMPLICIT_RETAIN_SELF = YES;
				CLANG_WARN_OBJC_LITERAL_CONVERSION = YES;
				CLANG_WARN_OBJC_ROOT_CLASS = YES_ERROR;
				CLANG_WARN_RANGE_LOOP_ANALYSIS = YES;
				CLANG_WARN_STRICT_PROTOTYPES = YES;
				CLANG_WARN_SUSPICIOUS_MOVE = YES;
				CLANG_WARN_UNGUARDED_AVAILABILITY = YES_AGGRESSIVE;
				CLANG_WARN_UNREACHABLE_CODE = YES;
				CLANG_WARN__DUPLICATE_METHOD_MATCH = YES;
				CODE_SIGN_IDENTITY = "iPhone Developer";
				COPY_PHASE_STRIP = NO;
				DEBUG_INFORMATION_FORMAT = "dwarf-with-dsym";
				ENABLE_NS_ASSERTIONS = NO;
				ENABLE_STRICT_OBJC_MSGSEND = YES;
				GCC_C_LANGUAGE_STANDARD = gnu11;
				GCC_NO_COMMON_BLOCKS = YES;
				GCC_WARN_64_TO_32_BIT_CONVERSION = YES;
				GCC_WARN_ABOUT_RETURN_TYPE = YES_ERROR;
				GCC_WARN_UNDECLARED_SELECTOR = YES;
				GCC_WARN_UNINITIALIZED_AUTOS = YES_AGGRESSIVE;
				GCC_WARN_UNUSED_FUNCTION = YES;
				GCC_WARN_UNUSED_VARIABLE = YES;
				IPHONEOS_DEPLOYMENT_TARGET = 11.4;
				MTL_ENABLE_DEBUG_INFO = NO;
				SDKROOT = iphoneos;
				SWIFT_COMPILATION_MODE = wholemodule;
				SWIFT_OPTIMIZATION_LEVEL = "-O";
				VALIDATE_PRODUCT = YES;
			};
			name = Release;
		};
		0E217880211B137300680721 /* Debug */ = {
			isa = XCBuildConfiguration;
			baseConfigurationReference = 2DEFC6B0226207C2F9FB16AA /* Pods-SwiftCollectionView.debug.xcconfig */;
			buildSettings = {
				ASSETCATALOG_COMPILER_APPICON_NAME = AppIcon;
				CODE_SIGN_STYLE = Automatic;
				INFOPLIST_FILE = SwiftCollectionView/Info.plist;
				LD_RUNPATH_SEARCH_PATHS = (
					"$(inherited)",
					"@executable_path/Frameworks",
				);
				PRODUCT_BUNDLE_IDENTIFIER = com.pranesh.SwiftCollectionView;
				PRODUCT_NAME = "$(TARGET_NAME)";
				SWIFT_VERSION = 4.0;
				TARGETED_DEVICE_FAMILY = "1,2";
			};
			name = Debug;
		};
		0E217881211B137300680721 /* Release */ = {
			isa = XCBuildConfiguration;
			baseConfigurationReference = 29A95A77F015D02DCC6386C8 /* Pods-SwiftCollectionView.release.xcconfig */;
			buildSettings = {
				ASSETCATALOG_COMPILER_APPICON_NAME = AppIcon;
				CODE_SIGN_STYLE = Automatic;
				INFOPLIST_FILE = SwiftCollectionView/Info.plist;
				LD_RUNPATH_SEARCH_PATHS = (
					"$(inherited)",
					"@executable_path/Frameworks",
				);
				PRODUCT_BUNDLE_IDENTIFIER = com.pranesh.SwiftCollectionView;
				PRODUCT_NAME = "$(TARGET_NAME)";
				SWIFT_VERSION = 4.0;
				TARGETED_DEVICE_FAMILY = "1,2";
			};
			name = Release;
		};
		0E4433D5212585DE0055B736 /* Debug */ = {
			isa = XCBuildConfiguration;
			buildSettings = {
				BUNDLE_LOADER = "$(TEST_HOST)";
				CODE_SIGN_STYLE = Automatic;
				INFOPLIST_FILE = SwiftCollectionViewTests/Info.plist;
				LD_RUNPATH_SEARCH_PATHS = (
					"$(inherited)",
					"@executable_path/Frameworks",
					"@loader_path/Frameworks",
				);
				PRODUCT_BUNDLE_IDENTIFIER = com.pranesh.SwiftCollectionViewTests;
				PRODUCT_NAME = "$(TARGET_NAME)";
				SWIFT_VERSION = 4.0;
				TARGETED_DEVICE_FAMILY = "1,2";
				TEST_HOST = "$(BUILT_PRODUCTS_DIR)/SwiftCollectionView.app/SwiftCollectionView";
			};
			name = Debug;
		};
		0E4433D6212585DE0055B736 /* Release */ = {
			isa = XCBuildConfiguration;
			buildSettings = {
				BUNDLE_LOADER = "$(TEST_HOST)";
				CODE_SIGN_STYLE = Automatic;
				INFOPLIST_FILE = SwiftCollectionViewTests/Info.plist;
				LD_RUNPATH_SEARCH_PATHS = (
					"$(inherited)",
					"@executable_path/Frameworks",
					"@loader_path/Frameworks",
				);
				PRODUCT_BUNDLE_IDENTIFIER = com.pranesh.SwiftCollectionViewTests;
				PRODUCT_NAME = "$(TARGET_NAME)";
				SWIFT_VERSION = 4.0;
				TARGETED_DEVICE_FAMILY = "1,2";
				TEST_HOST = "$(BUILT_PRODUCTS_DIR)/SwiftCollectionView.app/SwiftCollectionView";
			};
			name = Release;
		};
/* End XCBuildConfiguration section */

/* Begin XCConfigurationList section */
		0E217868211B137300680721 /* Build configuration list for PBXProject "SwiftCollectionView" */ = {
			isa = XCConfigurationList;
			buildConfigurations = (
				0E21787D211B137300680721 /* Debug */,
				0E21787E211B137300680721 /* Release */,
			);
			defaultConfigurationIsVisible = 0;
			defaultConfigurationName = Release;
		};
		0E21787F211B137300680721 /* Build configuration list for PBXNativeTarget "SwiftCollectionView" */ = {
			isa = XCConfigurationList;
			buildConfigurations = (
				0E217880211B137300680721 /* Debug */,
				0E217881211B137300680721 /* Release */,
			);
			defaultConfigurationIsVisible = 0;
			defaultConfigurationName = Release;
		};
		0E4433D7212585DE0055B736 /* Build configuration list for PBXNativeTarget "SwiftCollectionViewTests" */ = {
			isa = XCConfigurationList;
			buildConfigurations = (
				0E4433D5212585DE0055B736 /* Debug */,
				0E4433D6212585DE0055B736 /* Release */,
			);
			defaultConfigurationIsVisible = 0;
			defaultConfigurationName = Release;
		};
/* End XCConfigurationList section */
	};
	rootObject = 0E217865211B137300680721 /* Project object */;
}
