// !$*UTF8*$!
{
	archiveVersion = 1;
	classes = {
	};
	objectVersion = 50;
	objects = {

/* Begin PBXBuildFile section */
		0E15D080213949FE0076B893 /* AccessibilityIdentifier.swift in Sources */ = {isa = PBXBuildFile; fileRef = 0E15D07F213949FE0076B893 /* AccessibilityIdentifier.swift */; };
		0E15D08121394DB60076B893 /* AccessibilityIdentifier.swift in Sources */ = {isa = PBXBuildFile; fileRef = 0E15D07F213949FE0076B893 /* AccessibilityIdentifier.swift */; };
		0E217871211B137300680721 /* AppDelegate.swift in Sources */ = {isa = PBXBuildFile; fileRef = 0E217870211B137300680721 /* AppDelegate.swift */; };
		0E217876211B137300680721 /* Main.storyboard in Resources */ = {isa = PBXBuildFile; fileRef = 0E217874211B137300680721 /* Main.storyboard */; };
		0E217878211B137300680721 /* Assets.xcassets in Resources */ = {isa = PBXBuildFile; fileRef = 0E217877211B137300680721 /* Assets.xcassets */; };
		0E21787B211B137300680721 /* LaunchScreen.storyboard in Resources */ = {isa = PBXBuildFile; fileRef = 0E217879211B137300680721 /* LaunchScreen.storyboard */; };
		0E21788B212174CA00680721 /* BeerListViewController.swift in Sources */ = {isa = PBXBuildFile; fileRef = 0E21788A212174CA00680721 /* BeerListViewController.swift */; };
		0E21788D21217B5C00680721 /* BeerDetailViewController.swift in Sources */ = {isa = PBXBuildFile; fileRef = 0E21788C21217B5C00680721 /* BeerDetailViewController.swift */; };
		0E21788F2121963C00680721 /* ImageViewExtension.swift in Sources */ = {isa = PBXBuildFile; fileRef = 0E21788E2121963C00680721 /* ImageViewExtension.swift */; };
		0E2DE103213D2817005AEC4D /* errorJSONFormat.json in Resources */ = {isa = PBXBuildFile; fileRef = 0E2DE102213D2817005AEC4D /* errorJSONFormat.json */; };
		0E2DE109213D4BFC005AEC4D /* XCTestCaseExtension.swift in Sources */ = {isa = PBXBuildFile; fileRef = 0E2DE108213D4BFC005AEC4D /* XCTestCaseExtension.swift */; };
		0E429599212D50850081BC41 /* codecov.yml in Resources */ = {isa = PBXBuildFile; fileRef = 0E429598212D50850081BC41 /* codecov.yml */; };
		0E4433D1212585DE0055B736 /* SwiftCollectionViewTests.swift in Sources */ = {isa = PBXBuildFile; fileRef = 0E4433D0212585DE0055B736 /* SwiftCollectionViewTests.swift */; };
		0E4434132125A4900055B736 /* ImageViewDownloadable.swift in Sources */ = {isa = PBXBuildFile; fileRef = 0E4434122125A4900055B736 /* ImageViewDownloadable.swift */; };
		0E59254B2139685F0037F2CC /* SwiftCollectionViewUITests.swift in Sources */ = {isa = PBXBuildFile; fileRef = 0E59254A2139685F0037F2CC /* SwiftCollectionViewUITests.swift */; };
		0E59254D213969DB0037F2CC /* AccessibilityLabel.swift in Sources */ = {isa = PBXBuildFile; fileRef = 0E59254C213969DB0037F2CC /* AccessibilityLabel.swift */; };
		0E59254E21396B880037F2CC /* AccessibilityLabel.swift in Sources */ = {isa = PBXBuildFile; fileRef = 0E59254C213969DB0037F2CC /* AccessibilityLabel.swift */; };
		0E6FBB0F213D0672000BCDC7 /* LocalizedString.swift in Sources */ = {isa = PBXBuildFile; fileRef = 0E6FBB0E213D0672000BCDC7 /* LocalizedString.swift */; };
		0E6FBB10213D0787000BCDC7 /* LocalizedString.swift in Sources */ = {isa = PBXBuildFile; fileRef = 0E6FBB0E213D0672000BCDC7 /* LocalizedString.swift */; };
		0E6FBB12213D1ED3000BCDC7 /* successfulJSON.json in Resources */ = {isa = PBXBuildFile; fileRef = 0E6FBB11213D1ED3000BCDC7 /* successfulJSON.json */; };
		0E6FBB14213D2032000BCDC7 /* HTTPDynamicStubs.swift in Sources */ = {isa = PBXBuildFile; fileRef = 0E6FBB13213D2032000BCDC7 /* HTTPDynamicStubs.swift */; };
		0E90B66B213FE5EE00E5DF55 /* BeerPhotoCell.swift in Sources */ = {isa = PBXBuildFile; fileRef = 0E90B66A213FE5EE00E5DF55 /* BeerPhotoCell.swift */; };
		0E90B66F214005AF00E5DF55 /* GeneratedMocks.swift in Sources */ = {isa = PBXBuildFile; fileRef = 0E90B66E214005AF00E5DF55 /* GeneratedMocks.swift */; };
		0E90B6992140206500E5DF55 /* jjj.swift in Sources */ = {isa = PBXBuildFile; fileRef = 0E90B6982140206500E5DF55 /* jjj.swift */; };
		0EF71F1E2142338500730E57 /* BeerPodHeader.swift in Sources */ = {isa = PBXBuildFile; fileRef = 0EF71F1D2142338500730E57 /* BeerPodHeader.swift */; };
		0EF71F2A2142490700730E57 /* NetworkingTests.swift in Sources */ = {isa = PBXBuildFile; fileRef = 0EF71F272142490700730E57 /* NetworkingTests.swift */; };
		0EF71F2B2142490700730E57 /* BeerListViewModelTests.swift in Sources */ = {isa = PBXBuildFile; fileRef = 0EF71F282142490700730E57 /* BeerListViewModelTests.swift */; };
		0EF71F2C2142490700730E57 /* BeerRepositoryTests.swift in Sources */ = {isa = PBXBuildFile; fileRef = 0EF71F292142490700730E57 /* BeerRepositoryTests.swift */; };
		6FCCB4B353B30D33BEC49881 /* libPods-SwiftCollectionViewUITests.a in Frameworks */ = {isa = PBXBuildFile; fileRef = 421D1A8EF21FA1AC6414FC39 /* libPods-SwiftCollectionViewUITests.a */; };
		9743995E0132368327D56ADA /* libPods-SwiftCollectionViewTests.a in Frameworks */ = {isa = PBXBuildFile; fileRef = C08C4992F0276216F9EC5962 /* libPods-SwiftCollectionViewTests.a */; };
		AA9CB37B4EBFDA146173A66E /* Pods_SwiftCollectionView.framework in Frameworks */ = {isa = PBXBuildFile; fileRef = 514EFD5F16EB3D17D58024F4 /* Pods_SwiftCollectionView.framework */; };
/* End PBXBuildFile section */

/* Begin PBXContainerItemProxy section */
		0E15D0792139395E0076B893 /* PBXContainerItemProxy */ = {
			isa = PBXContainerItemProxy;
			containerPortal = 0E217865211B137300680721 /* Project object */;
			proxyType = 1;
			remoteGlobalIDString = 0E21786C211B137300680721;
			remoteInfo = SwiftCollectionView;
		};
		0E4433D3212585DE0055B736 /* PBXContainerItemProxy */ = {
			isa = PBXContainerItemProxy;
			containerPortal = 0E217865211B137300680721 /* Project object */;
			proxyType = 1;
			remoteGlobalIDString = 0E21786C211B137300680721;
			remoteInfo = SwiftCollectionView;
		};
/* End PBXContainerItemProxy section */

/* Begin PBXCopyFilesBuildPhase section */
		0E90B69321400B8200E5DF55 /* Embed Frameworks */ = {
			isa = PBXCopyFilesBuildPhase;
			buildActionMask = 2147483647;
			dstPath = "";
			dstSubfolderSpec = 10;
			files = (
			);
			name = "Embed Frameworks";
			runOnlyForDeploymentPostprocessing = 0;
		};
/* End PBXCopyFilesBuildPhase section */

/* Begin PBXFileReference section */
		0E15D0742139395E0076B893 /* SwiftCollectionViewUITests.xctest */ = {isa = PBXFileReference; explicitFileType = wrapper.cfbundle; includeInIndex = 0; path = SwiftCollectionViewUITests.xctest; sourceTree = BUILT_PRODUCTS_DIR; };
		0E15D0782139395E0076B893 /* Info.plist */ = {isa = PBXFileReference; lastKnownFileType = text.plist.xml; path = Info.plist; sourceTree = "<group>"; };
		0E15D07F213949FE0076B893 /* AccessibilityIdentifier.swift */ = {isa = PBXFileReference; lastKnownFileType = sourcecode.swift; path = AccessibilityIdentifier.swift; sourceTree = "<group>"; };
		0E21786D211B137300680721 /* SwiftCollectionView.app */ = {isa = PBXFileReference; explicitFileType = wrapper.application; includeInIndex = 0; path = SwiftCollectionView.app; sourceTree = BUILT_PRODUCTS_DIR; };
		0E217870211B137300680721 /* AppDelegate.swift */ = {isa = PBXFileReference; lastKnownFileType = sourcecode.swift; path = AppDelegate.swift; sourceTree = "<group>"; };
		0E217875211B137300680721 /* Base */ = {isa = PBXFileReference; lastKnownFileType = file.storyboard; name = Base; path = Base.lproj/Main.storyboard; sourceTree = "<group>"; };
		0E217877211B137300680721 /* Assets.xcassets */ = {isa = PBXFileReference; lastKnownFileType = folder.assetcatalog; path = Assets.xcassets; sourceTree = "<group>"; };
		0E21787A211B137300680721 /* Base */ = {isa = PBXFileReference; lastKnownFileType = file.storyboard; name = Base; path = Base.lproj/LaunchScreen.storyboard; sourceTree = "<group>"; };
		0E21787C211B137300680721 /* Info.plist */ = {isa = PBXFileReference; lastKnownFileType = text.plist.xml; path = Info.plist; sourceTree = "<group>"; };
		0E21788A212174CA00680721 /* BeerListViewController.swift */ = {isa = PBXFileReference; lastKnownFileType = sourcecode.swift; path = BeerListViewController.swift; sourceTree = "<group>"; };
		0E21788C21217B5C00680721 /* BeerDetailViewController.swift */ = {isa = PBXFileReference; lastKnownFileType = sourcecode.swift; path = BeerDetailViewController.swift; sourceTree = "<group>"; };
		0E21788E2121963C00680721 /* ImageViewExtension.swift */ = {isa = PBXFileReference; lastKnownFileType = sourcecode.swift; path = ImageViewExtension.swift; sourceTree = "<group>"; };
		0E2DE102213D2817005AEC4D /* errorJSONFormat.json */ = {isa = PBXFileReference; lastKnownFileType = text.json; path = errorJSONFormat.json; sourceTree = "<group>"; };
		0E2DE108213D4BFC005AEC4D /* XCTestCaseExtension.swift */ = {isa = PBXFileReference; lastKnownFileType = sourcecode.swift; path = XCTestCaseExtension.swift; sourceTree = "<group>"; };
		0E429598212D50850081BC41 /* codecov.yml */ = {isa = PBXFileReference; lastKnownFileType = text; path = codecov.yml; sourceTree = "<group>"; };
		0E4433CE212585DE0055B736 /* SwiftCollectionViewTests.xctest */ = {isa = PBXFileReference; explicitFileType = wrapper.cfbundle; includeInIndex = 0; path = SwiftCollectionViewTests.xctest; sourceTree = BUILT_PRODUCTS_DIR; };
		0E4433D0212585DE0055B736 /* SwiftCollectionViewTests.swift */ = {isa = PBXFileReference; lastKnownFileType = sourcecode.swift; path = SwiftCollectionViewTests.swift; sourceTree = "<group>"; };
		0E4433D2212585DE0055B736 /* Info.plist */ = {isa = PBXFileReference; lastKnownFileType = text.plist.xml; path = Info.plist; sourceTree = "<group>"; };
		0E4434122125A4900055B736 /* ImageViewDownloadable.swift */ = {isa = PBXFileReference; lastKnownFileType = sourcecode.swift; path = ImageViewDownloadable.swift; sourceTree = "<group>"; };
		0E59254A2139685F0037F2CC /* SwiftCollectionViewUITests.swift */ = {isa = PBXFileReference; fileEncoding = 4; lastKnownFileType = sourcecode.swift; path = SwiftCollectionViewUITests.swift; sourceTree = "<group>"; };
		0E59254C213969DB0037F2CC /* AccessibilityLabel.swift */ = {isa = PBXFileReference; lastKnownFileType = sourcecode.swift; path = AccessibilityLabel.swift; sourceTree = "<group>"; };
		0E6FBB0E213D0672000BCDC7 /* LocalizedString.swift */ = {isa = PBXFileReference; lastKnownFileType = sourcecode.swift; path = LocalizedString.swift; sourceTree = "<group>"; };
		0E6FBB11213D1ED3000BCDC7 /* successfulJSON.json */ = {isa = PBXFileReference; lastKnownFileType = text.json; path = successfulJSON.json; sourceTree = "<group>"; };
		0E6FBB13213D2032000BCDC7 /* HTTPDynamicStubs.swift */ = {isa = PBXFileReference; lastKnownFileType = sourcecode.swift; path = HTTPDynamicStubs.swift; sourceTree = "<group>"; };
		0E883FE7213EB34600C113B6 /* BeerPod.framework */ = {isa = PBXFileReference; explicitFileType = wrapper.framework; path = BeerPod.framework; sourceTree = BUILT_PRODUCTS_DIR; };
		0E90B66A213FE5EE00E5DF55 /* BeerPhotoCell.swift */ = {isa = PBXFileReference; lastKnownFileType = sourcecode.swift; path = BeerPhotoCell.swift; sourceTree = "<group>"; };
		0E90B66E214005AF00E5DF55 /* GeneratedMocks.swift */ = {isa = PBXFileReference; fileEncoding = 4; lastKnownFileType = sourcecode.swift; path = GeneratedMocks.swift; sourceTree = "<group>"; };
		0E90B6982140206500E5DF55 /* jjj.swift */ = {isa = PBXFileReference; lastKnownFileType = sourcecode.swift; path = jjj.swift; sourceTree = "<group>"; };
		0EF71F1D2142338500730E57 /* BeerPodHeader.swift */ = {isa = PBXFileReference; lastKnownFileType = sourcecode.swift; path = BeerPodHeader.swift; sourceTree = "<group>"; };
		0EF71F272142490700730E57 /* NetworkingTests.swift */ = {isa = PBXFileReference; fileEncoding = 4; lastKnownFileType = sourcecode.swift; path = NetworkingTests.swift; sourceTree = "<group>"; };
		0EF71F282142490700730E57 /* BeerListViewModelTests.swift */ = {isa = PBXFileReference; fileEncoding = 4; lastKnownFileType = sourcecode.swift; path = BeerListViewModelTests.swift; sourceTree = "<group>"; };
		0EF71F292142490700730E57 /* BeerRepositoryTests.swift */ = {isa = PBXFileReference; fileEncoding = 4; lastKnownFileType = sourcecode.swift; path = BeerRepositoryTests.swift; sourceTree = "<group>"; };
		29A95A77F015D02DCC6386C8 /* Pods-SwiftCollectionView.release.xcconfig */ = {isa = PBXFileReference; includeInIndex = 1; lastKnownFileType = text.xcconfig; name = "Pods-SwiftCollectionView.release.xcconfig"; path = "Pods/Target Support Files/Pods-SwiftCollectionView/Pods-SwiftCollectionView.release.xcconfig"; sourceTree = "<group>"; };
		2DEFC6B0226207C2F9FB16AA /* Pods-SwiftCollectionView.debug.xcconfig */ = {isa = PBXFileReference; includeInIndex = 1; lastKnownFileType = text.xcconfig; name = "Pods-SwiftCollectionView.debug.xcconfig"; path = "Pods/Target Support Files/Pods-SwiftCollectionView/Pods-SwiftCollectionView.debug.xcconfig"; sourceTree = "<group>"; };
		421D1A8EF21FA1AC6414FC39 /* libPods-SwiftCollectionViewUITests.a */ = {isa = PBXFileReference; explicitFileType = archive.ar; includeInIndex = 0; path = "libPods-SwiftCollectionViewUITests.a"; sourceTree = BUILT_PRODUCTS_DIR; };
		514EFD5F16EB3D17D58024F4 /* Pods_SwiftCollectionView.framework */ = {isa = PBXFileReference; explicitFileType = wrapper.framework; includeInIndex = 0; path = Pods_SwiftCollectionView.framework; sourceTree = BUILT_PRODUCTS_DIR; };
		B224559C09E55DAC6F201146 /* Pods-SwiftCollectionViewUITests.release.xcconfig */ = {isa = PBXFileReference; includeInIndex = 1; lastKnownFileType = text.xcconfig; name = "Pods-SwiftCollectionViewUITests.release.xcconfig"; path = "Pods/Target Support Files/Pods-SwiftCollectionViewUITests/Pods-SwiftCollectionViewUITests.release.xcconfig"; sourceTree = "<group>"; };
		C08C4992F0276216F9EC5962 /* libPods-SwiftCollectionViewTests.a */ = {isa = PBXFileReference; explicitFileType = archive.ar; includeInIndex = 0; path = "libPods-SwiftCollectionViewTests.a"; sourceTree = BUILT_PRODUCTS_DIR; };
		DBF22E39C54F1F9E3BC4085F /* Pods-SwiftCollectionViewUITests.debug.xcconfig */ = {isa = PBXFileReference; includeInIndex = 1; lastKnownFileType = text.xcconfig; name = "Pods-SwiftCollectionViewUITests.debug.xcconfig"; path = "Pods/Target Support Files/Pods-SwiftCollectionViewUITests/Pods-SwiftCollectionViewUITests.debug.xcconfig"; sourceTree = "<group>"; };
		F38C82F933D66F2F3D709655 /* Pods-SwiftCollectionViewTests.release.xcconfig */ = {isa = PBXFileReference; includeInIndex = 1; lastKnownFileType = text.xcconfig; name = "Pods-SwiftCollectionViewTests.release.xcconfig"; path = "Pods/Target Support Files/Pods-SwiftCollectionViewTests/Pods-SwiftCollectionViewTests.release.xcconfig"; sourceTree = "<group>"; };
		FE665A34CDC9246187E1739B /* Pods-SwiftCollectionViewTests.debug.xcconfig */ = {isa = PBXFileReference; includeInIndex = 1; lastKnownFileType = text.xcconfig; name = "Pods-SwiftCollectionViewTests.debug.xcconfig"; path = "Pods/Target Support Files/Pods-SwiftCollectionViewTests/Pods-SwiftCollectionViewTests.debug.xcconfig"; sourceTree = "<group>"; };
/* End PBXFileReference section */

/* Begin PBXFrameworksBuildPhase section */
		0E15D0712139395E0076B893 /* Frameworks */ = {
			isa = PBXFrameworksBuildPhase;
			buildActionMask = 2147483647;
			files = (
				6FCCB4B353B30D33BEC49881 /* libPods-SwiftCollectionViewUITests.a in Frameworks */,
			);
			runOnlyForDeploymentPostprocessing = 0;
		};
		0E21786A211B137300680721 /* Frameworks */ = {
			isa = PBXFrameworksBuildPhase;
			buildActionMask = 2147483647;
			files = (
				AA9CB37B4EBFDA146173A66E /* Pods_SwiftCollectionView.framework in Frameworks */,
			);
			runOnlyForDeploymentPostprocessing = 0;
		};
		0E4433CB212585DE0055B736 /* Frameworks */ = {
			isa = PBXFrameworksBuildPhase;
			buildActionMask = 2147483647;
			files = (
				9743995E0132368327D56ADA /* libPods-SwiftCollectionViewTests.a in Frameworks */,
			);
			runOnlyForDeploymentPostprocessing = 0;
		};
/* End PBXFrameworksBuildPhase section */

/* Begin PBXGroup section */
		0E15D0752139395E0076B893 /* SwiftCollectionViewUITests */ = {
			isa = PBXGroup;
			children = (
				0E2DE107213D4BAE005AEC4D /* Extensions */,
				0E59254A2139685F0037F2CC /* SwiftCollectionViewUITests.swift */,
				0E2DE102213D2817005AEC4D /* errorJSONFormat.json */,
				0E6FBB11213D1ED3000BCDC7 /* successfulJSON.json */,
				0E6FBB13213D2032000BCDC7 /* HTTPDynamicStubs.swift */,
				0E59254921395F1D0037F2CC /* Extensions */,
				0E15D0782139395E0076B893 /* Info.plist */,
			);
			path = SwiftCollectionViewUITests;
			sourceTree = "<group>";
		};
		0E15D07E213949A40076B893 /* AccessibilityDetails */ = {
			isa = PBXGroup;
			children = (
				0E15D07F213949FE0076B893 /* AccessibilityIdentifier.swift */,
				0E59254C213969DB0037F2CC /* AccessibilityLabel.swift */,
				0E6FBB0E213D0672000BCDC7 /* LocalizedString.swift */,
			);
			path = AccessibilityDetails;
			sourceTree = "<group>";
		};
		0E217864211B137300680721 = {
			isa = PBXGroup;
			children = (
				0E429598212D50850081BC41 /* codecov.yml */,
				0E21786F211B137300680721 /* SwiftCollectionView */,
				0E4433CF212585DE0055B736 /* SwiftCollectionViewTests */,
				0E15D0752139395E0076B893 /* SwiftCollectionViewUITests */,
				0E21786E211B137300680721 /* Products */,
				7F7A6DCC0A302229CA9D2861 /* Pods */,
				D08555DC675384CFFD2F1DA0 /* Frameworks */,
			);
			sourceTree = "<group>";
		};
		0E21786E211B137300680721 /* Products */ = {
			isa = PBXGroup;
			children = (
				0E21786D211B137300680721 /* SwiftCollectionView.app */,
				0E4433CE212585DE0055B736 /* SwiftCollectionViewTests.xctest */,
				0E15D0742139395E0076B893 /* SwiftCollectionViewUITests.xctest */,
			);
			name = Products;
			sourceTree = "<group>";
		};
		0E21786F211B137300680721 /* SwiftCollectionView */ = {
			isa = PBXGroup;
			children = (
				0E90B669213FE5CB00E5DF55 /* View */,
				0E15D07E213949A40076B893 /* AccessibilityDetails */,
				0E21789C2121A3BD00680721 /* Extensions */,
				0E2178972121A35800680721 /* Controllers */,
				0E217870211B137300680721 /* AppDelegate.swift */,
				0E217874211B137300680721 /* Main.storyboard */,
				0E217877211B137300680721 /* Assets.xcassets */,
				0E217879211B137300680721 /* LaunchScreen.storyboard */,
				0E21787C211B137300680721 /* Info.plist */,
				0EF71F1D2142338500730E57 /* BeerPodHeader.swift */,
			);
			path = SwiftCollectionView;
			sourceTree = "<group>";
		};
		0E2178972121A35800680721 /* Controllers */ = {
			isa = PBXGroup;
			children = (
				0E21788C21217B5C00680721 /* BeerDetailViewController.swift */,
				0E21788A212174CA00680721 /* BeerListViewController.swift */,
			);
			path = Controllers;
			sourceTree = "<group>";
		};
		0E21789C2121A3BD00680721 /* Extensions */ = {
			isa = PBXGroup;
			children = (
				0E21788E2121963C00680721 /* ImageViewExtension.swift */,
				0E4434122125A4900055B736 /* ImageViewDownloadable.swift */,
			);
			path = Extensions;
			sourceTree = "<group>";
		};
		0E2DE107213D4BAE005AEC4D /* Extensions */ = {
			isa = PBXGroup;
			children = (
				0E2DE108213D4BFC005AEC4D /* XCTestCaseExtension.swift */,
			);
			name = Extensions;
			path = "New Group";
			sourceTree = "<group>";
		};
		0E4433CF212585DE0055B736 /* SwiftCollectionViewTests */ = {
			isa = PBXGroup;
			children = (
				0EF71F282142490700730E57 /* BeerListViewModelTests.swift */,
				0EF71F292142490700730E57 /* BeerRepositoryTests.swift */,
				0EF71F272142490700730E57 /* NetworkingTests.swift */,
				0E90B66E214005AF00E5DF55 /* GeneratedMocks.swift */,
				0E4433D0212585DE0055B736 /* SwiftCollectionViewTests.swift */,
				0E4433D2212585DE0055B736 /* Info.plist */,
				0E90B6982140206500E5DF55 /* jjj.swift */,
			);
			path = SwiftCollectionViewTests;
			sourceTree = "<group>";
		};
		0E59254921395F1D0037F2CC /* Extensions */ = {
			isa = PBXGroup;
			children = (
			);
			path = Extensions;
			sourceTree = "<group>";
		};
		0E90B669213FE5CB00E5DF55 /* View */ = {
			isa = PBXGroup;
			children = (
				0E90B66A213FE5EE00E5DF55 /* BeerPhotoCell.swift */,
			);
			path = View;
			sourceTree = "<group>";
		};
		7F7A6DCC0A302229CA9D2861 /* Pods */ = {
			isa = PBXGroup;
			children = (
				2DEFC6B0226207C2F9FB16AA /* Pods-SwiftCollectionView.debug.xcconfig */,
				29A95A77F015D02DCC6386C8 /* Pods-SwiftCollectionView.release.xcconfig */,
				FE665A34CDC9246187E1739B /* Pods-SwiftCollectionViewTests.debug.xcconfig */,
				F38C82F933D66F2F3D709655 /* Pods-SwiftCollectionViewTests.release.xcconfig */,
				DBF22E39C54F1F9E3BC4085F /* Pods-SwiftCollectionViewUITests.debug.xcconfig */,
				B224559C09E55DAC6F201146 /* Pods-SwiftCollectionViewUITests.release.xcconfig */,
			);
			name = Pods;
			sourceTree = "<group>";
		};
		D08555DC675384CFFD2F1DA0 /* Frameworks */ = {
			isa = PBXGroup;
			children = (
				0E883FE7213EB34600C113B6 /* BeerPod.framework */,
				514EFD5F16EB3D17D58024F4 /* Pods_SwiftCollectionView.framework */,
				C08C4992F0276216F9EC5962 /* libPods-SwiftCollectionViewTests.a */,
				421D1A8EF21FA1AC6414FC39 /* libPods-SwiftCollectionViewUITests.a */,
			);
			name = Frameworks;
			sourceTree = "<group>";
		};
/* End PBXGroup section */

/* Begin PBXNativeTarget section */
		0E15D0732139395E0076B893 /* SwiftCollectionViewUITests */ = {
			isa = PBXNativeTarget;
			buildConfigurationList = 0E15D07D2139395E0076B893 /* Build configuration list for PBXNativeTarget "SwiftCollectionViewUITests" */;
			buildPhases = (
				755C77C51EF30754D0B90E87 /* [CP] Check Pods Manifest.lock */,
				0E15D0702139395E0076B893 /* Sources */,
				0E15D0712139395E0076B893 /* Frameworks */,
				0E15D0722139395E0076B893 /* Resources */,
			);
			buildRules = (
			);
			dependencies = (
				0E15D07A2139395E0076B893 /* PBXTargetDependency */,
			);
			name = SwiftCollectionViewUITests;
			productName = SwiftCollectionViewUITests;
			productReference = 0E15D0742139395E0076B893 /* SwiftCollectionViewUITests.xctest */;
			productType = "com.apple.product-type.bundle.ui-testing";
		};
		0E21786C211B137300680721 /* SwiftCollectionView */ = {
			isa = PBXNativeTarget;
			buildConfigurationList = 0E21787F211B137300680721 /* Build configuration list for PBXNativeTarget "SwiftCollectionView" */;
			buildPhases = (
				EF42A91552B18904E74ACEF0 /* [CP] Check Pods Manifest.lock */,
				0E217869211B137300680721 /* Sources */,
				0E21786A211B137300680721 /* Frameworks */,
				0E21786B211B137300680721 /* Resources */,
				5A03439E5DCCC371297675C6 /* [CP] Embed Pods Frameworks */,
				0E90B69321400B8200E5DF55 /* Embed Frameworks */,
			);
			buildRules = (
			);
			dependencies = (
			);
			name = SwiftCollectionView;
			productName = SwiftCollectionView;
			productReference = 0E21786D211B137300680721 /* SwiftCollectionView.app */;
			productType = "com.apple.product-type.application";
		};
		0E4433CD212585DE0055B736 /* SwiftCollectionViewTests */ = {
			isa = PBXNativeTarget;
			buildConfigurationList = 0E4433D7212585DE0055B736 /* Build configuration list for PBXNativeTarget "SwiftCollectionViewTests" */;
			buildPhases = (
				1E8A2AFA535053FB8FC8986B /* [CP] Check Pods Manifest.lock */,
				0E4433CA212585DE0055B736 /* Sources */,
				0E4433CB212585DE0055B736 /* Frameworks */,
				0E4433CC212585DE0055B736 /* Resources */,
				0E42959B212D6AB00081BC41 /* Run Cuckoo */,
			);
			buildRules = (
			);
			dependencies = (
				0E4433D4212585DE0055B736 /* PBXTargetDependency */,
			);
			name = SwiftCollectionViewTests;
			productName = SwiftCollectionViewTests;
			productReference = 0E4433CE212585DE0055B736 /* SwiftCollectionViewTests.xctest */;
			productType = "com.apple.product-type.bundle.unit-test";
		};
/* End PBXNativeTarget section */

/* Begin PBXProject section */
		0E217865211B137300680721 /* Project object */ = {
			isa = PBXProject;
			attributes = {
				LastSwiftUpdateCheck = 0940;
				LastUpgradeCheck = 0940;
				ORGANIZATIONNAME = Pranesh;
				TargetAttributes = {
					0E15D0732139395E0076B893 = {
						CreatedOnToolsVersion = 9.4.1;
						TestTargetID = 0E21786C211B137300680721;
					};
					0E21786C211B137300680721 = {
						CreatedOnToolsVersion = 9.4.1;
					};
					0E4433CD212585DE0055B736 = {
						CreatedOnToolsVersion = 9.4.1;
						TestTargetID = 0E21786C211B137300680721;
					};
				};
			};
			buildConfigurationList = 0E217868211B137300680721 /* Build configuration list for PBXProject "SwiftCollectionView" */;
			compatibilityVersion = "Xcode 9.3";
			developmentRegion = en;
			hasScannedForEncodings = 0;
			knownRegions = (
				en,
				Base,
			);
			mainGroup = 0E217864211B137300680721;
			productRefGroup = 0E21786E211B137300680721 /* Products */;
			projectDirPath = "";
			projectRoot = "";
			targets = (
				0E21786C211B137300680721 /* SwiftCollectionView */,
				0E4433CD212585DE0055B736 /* SwiftCollectionViewTests */,
				0E15D0732139395E0076B893 /* SwiftCollectionViewUITests */,
			);
		};
/* End PBXProject section */

/* Begin PBXResourcesBuildPhase section */
		0E15D0722139395E0076B893 /* Resources */ = {
			isa = PBXResourcesBuildPhase;
			buildActionMask = 2147483647;
			files = (
				0E2DE103213D2817005AEC4D /* errorJSONFormat.json in Resources */,
				0E6FBB12213D1ED3000BCDC7 /* successfulJSON.json in Resources */,
			);
			runOnlyForDeploymentPostprocessing = 0;
		};
		0E21786B211B137300680721 /* Resources */ = {
			isa = PBXResourcesBuildPhase;
			buildActionMask = 2147483647;
			files = (
				0E21787B211B137300680721 /* LaunchScreen.storyboard in Resources */,
				0E217878211B137300680721 /* Assets.xcassets in Resources */,
				0E429599212D50850081BC41 /* codecov.yml in Resources */,
				0E217876211B137300680721 /* Main.storyboard in Resources */,
			);
			runOnlyForDeploymentPostprocessing = 0;
		};
		0E4433CC212585DE0055B736 /* Resources */ = {
			isa = PBXResourcesBuildPhase;
			buildActionMask = 2147483647;
			files = (
			);
			runOnlyForDeploymentPostprocessing = 0;
		};
/* End PBXResourcesBuildPhase section */

/* Begin PBXShellScriptBuildPhase section */
		0E42959B212D6AB00081BC41 /* Run Cuckoo */ = {
			isa = PBXShellScriptBuildPhase;
			buildActionMask = 2147483647;
			files = (
			);
			inputPaths = (
			);
			name = "Run Cuckoo";
			outputPaths = (
			);
			runOnlyForDeploymentPostprocessing = 0;
			shellPath = /bin/sh;
			shellScript = "# Define output file. Change \"$PROJECT_DIR/${PROJECT_NAME}Tests\" to your test's root source folder, if it's not the default name.\nOUTPUT_FILE=\"$PROJECT_DIR/${PROJECT_NAME}Tests/GeneratedMocks.swift\"\n\necho \"Generated Mocks File = $OUTPUT_FILE\"\n\n# Define input directory. Change \"${PROJECT_DIR}/${PROJECT_NAME}\" to your project's root source folder, if it's not the default name.\nINPUT_DIR=\"${PROJECT_DIR}/Pods/BeerPod/BeerPod\"\nBEER_INPUT_DIR=\"${PROJECT_DIR}/${PROJECT_NAME}\"\necho \"Mocks Input Directory = $INPUT_DIR\"\n\n# Generate mock files, include as many input files as you'd like to create mocks for.\n\"${PODS_ROOT}/Cuckoo/run\" generate --testable \"$PROJECT_NAME\" \\\n--output \"${OUTPUT_FILE}\" \\\n\"$BEER_INPUT_DIR/BeerPodHeader.swift\" \\\n\"$INPUT_DIR/Controllers/BeerListViewable.swift\" \\\n\"$INPUT_DIR/Repository/BeerDataGetable.swift\" \\\n\"$INPUT_DIR/Services/Networkable.swift\" \\\n\"$INPUT_DIR/Services/Networking.swift\"";
		};
		1E8A2AFA535053FB8FC8986B /* [CP] Check Pods Manifest.lock */ = {
			isa = PBXShellScriptBuildPhase;
			buildActionMask = 2147483647;
			files = (
			);
			inputPaths = (
				"${PODS_PODFILE_DIR_PATH}/Podfile.lock",
				"${PODS_ROOT}/Manifest.lock",
			);
			name = "[CP] Check Pods Manifest.lock";
			outputPaths = (
				"$(DERIVED_FILE_DIR)/Pods-SwiftCollectionViewTests-checkManifestLockResult.txt",
			);
			runOnlyForDeploymentPostprocessing = 0;
			shellPath = /bin/sh;
			shellScript = "diff \"${PODS_PODFILE_DIR_PATH}/Podfile.lock\" \"${PODS_ROOT}/Manifest.lock\" > /dev/null\nif [ $? != 0 ] ; then\n    # print error to STDERR\n    echo \"error: The sandbox is not in sync with the Podfile.lock. Run 'pod install' or update your CocoaPods installation.\" >&2\n    exit 1\nfi\n# This output is used by Xcode 'outputs' to avoid re-running this script phase.\necho \"SUCCESS\" > \"${SCRIPT_OUTPUT_FILE_0}\"\n";
			showEnvVarsInLog = 0;
		};
		5A03439E5DCCC371297675C6 /* [CP] Embed Pods Frameworks */ = {
			isa = PBXShellScriptBuildPhase;
			buildActionMask = 2147483647;
			files = (
			);
			inputPaths = (
				"${SRCROOT}/Pods/Target Support Files/Pods-SwiftCollectionView/Pods-SwiftCollectionView-frameworks.sh",
				"${BUILT_PRODUCTS_DIR}/Alamofire-framework/Alamofire.framework",
				"${BUILT_PRODUCTS_DIR}/AlamofireImage-framework/AlamofireImage.framework",
				"${BUILT_PRODUCTS_DIR}/BeerPod-framework/BeerPod.framework",
				"${BUILT_PRODUCTS_DIR}/Swinject-framework/Swinject.framework",
			);
			name = "[CP] Embed Pods Frameworks";
			outputPaths = (
				"${TARGET_BUILD_DIR}/${FRAMEWORKS_FOLDER_PATH}/Alamofire.framework",
				"${TARGET_BUILD_DIR}/${FRAMEWORKS_FOLDER_PATH}/AlamofireImage.framework",
				"${TARGET_BUILD_DIR}/${FRAMEWORKS_FOLDER_PATH}/BeerPod.framework",
				"${TARGET_BUILD_DIR}/${FRAMEWORKS_FOLDER_PATH}/Swinject.framework",
			);
			runOnlyForDeploymentPostprocessing = 0;
			shellPath = /bin/sh;
			shellScript = "\"${SRCROOT}/Pods/Target Support Files/Pods-SwiftCollectionView/Pods-SwiftCollectionView-frameworks.sh\"\n";
			showEnvVarsInLog = 0;
		};
		755C77C51EF30754D0B90E87 /* [CP] Check Pods Manifest.lock */ = {
			isa = PBXShellScriptBuildPhase;
			buildActionMask = 2147483647;
			files = (
			);
			inputPaths = (
				"${PODS_PODFILE_DIR_PATH}/Podfile.lock",
				"${PODS_ROOT}/Manifest.lock",
			);
			name = "[CP] Check Pods Manifest.lock";
			outputPaths = (
				"$(DERIVED_FILE_DIR)/Pods-SwiftCollectionViewUITests-checkManifestLockResult.txt",
			);
			runOnlyForDeploymentPostprocessing = 0;
			shellPath = /bin/sh;
			shellScript = "diff \"${PODS_PODFILE_DIR_PATH}/Podfile.lock\" \"${PODS_ROOT}/Manifest.lock\" > /dev/null\nif [ $? != 0 ] ; then\n    # print error to STDERR\n    echo \"error: The sandbox is not in sync with the Podfile.lock. Run 'pod install' or update your CocoaPods installation.\" >&2\n    exit 1\nfi\n# This output is used by Xcode 'outputs' to avoid re-running this script phase.\necho \"SUCCESS\" > \"${SCRIPT_OUTPUT_FILE_0}\"\n";
			showEnvVarsInLog = 0;
		};
		EF42A91552B18904E74ACEF0 /* [CP] Check Pods Manifest.lock */ = {
			isa = PBXShellScriptBuildPhase;
			buildActionMask = 2147483647;
			files = (
			);
			inputPaths = (
				"${PODS_PODFILE_DIR_PATH}/Podfile.lock",
				"${PODS_ROOT}/Manifest.lock",
			);
			name = "[CP] Check Pods Manifest.lock";
			outputPaths = (
				"$(DERIVED_FILE_DIR)/Pods-SwiftCollectionView-checkManifestLockResult.txt",
			);
			runOnlyForDeploymentPostprocessing = 0;
			shellPath = /bin/sh;
			shellScript = "diff \"${PODS_PODFILE_DIR_PATH}/Podfile.lock\" \"${PODS_ROOT}/Manifest.lock\" > /dev/null\nif [ $? != 0 ] ; then\n    # print error to STDERR\n    echo \"error: The sandbox is not in sync with the Podfile.lock. Run 'pod install' or update your CocoaPods installation.\" >&2\n    exit 1\nfi\n# This output is used by Xcode 'outputs' to avoid re-running this script phase.\necho \"SUCCESS\" > \"${SCRIPT_OUTPUT_FILE_0}\"\n";
			showEnvVarsInLog = 0;
		};
/* End PBXShellScriptBuildPhase section */

/* Begin PBXSourcesBuildPhase section */
		0E15D0702139395E0076B893 /* Sources */ = {
			isa = PBXSourcesBuildPhase;
			buildActionMask = 2147483647;
			files = (
				0E2DE109213D4BFC005AEC4D /* XCTestCaseExtension.swift in Sources */,
				0E6FBB10213D0787000BCDC7 /* LocalizedString.swift in Sources */,
				0E59254B2139685F0037F2CC /* SwiftCollectionViewUITests.swift in Sources */,
				0E15D08121394DB60076B893 /* AccessibilityIdentifier.swift in Sources */,
				0E59254E21396B880037F2CC /* AccessibilityLabel.swift in Sources */,
				0E6FBB14213D2032000BCDC7 /* HTTPDynamicStubs.swift in Sources */,
			);
			runOnlyForDeploymentPostprocessing = 0;
		};
		0E217869211B137300680721 /* Sources */ = {
			isa = PBXSourcesBuildPhase;
			buildActionMask = 2147483647;
			files = (
				0E6FBB0F213D0672000BCDC7 /* LocalizedString.swift in Sources */,
				0E21788D21217B5C00680721 /* BeerDetailViewController.swift in Sources */,
				0E4434132125A4900055B736 /* ImageViewDownloadable.swift in Sources */,
				0EF71F1E2142338500730E57 /* BeerPodHeader.swift in Sources */,
				0E59254D213969DB0037F2CC /* AccessibilityLabel.swift in Sources */,
				0E217871211B137300680721 /* AppDelegate.swift in Sources */,
				0E90B66B213FE5EE00E5DF55 /* BeerPhotoCell.swift in Sources */,
				0E21788B212174CA00680721 /* BeerListViewController.swift in Sources */,
				0E15D080213949FE0076B893 /* AccessibilityIdentifier.swift in Sources */,
				0E21788F2121963C00680721 /* ImageViewExtension.swift in Sources */,
			);
			runOnlyForDeploymentPostprocessing = 0;
		};
		0E4433CA212585DE0055B736 /* Sources */ = {
			isa = PBXSourcesBuildPhase;
			buildActionMask = 2147483647;
			files = (
				0E90B6992140206500E5DF55 /* jjj.swift in Sources */,
				0E4433D1212585DE0055B736 /* SwiftCollectionViewTests.swift in Sources */,
				0EF71F2B2142490700730E57 /* BeerListViewModelTests.swift in Sources */,
				0E90B66F214005AF00E5DF55 /* GeneratedMocks.swift in Sources */,
				0EF71F2A2142490700730E57 /* NetworkingTests.swift in Sources */,
				0EF71F2C2142490700730E57 /* BeerRepositoryTests.swift in Sources */,
			);
			runOnlyForDeploymentPostprocessing = 0;
		};
/* End PBXSourcesBuildPhase section */

/* Begin PBXTargetDependency section */
		0E15D07A2139395E0076B893 /* PBXTargetDependency */ = {
			isa = PBXTargetDependency;
			target = 0E21786C211B137300680721 /* SwiftCollectionView */;
			targetProxy = 0E15D0792139395E0076B893 /* PBXContainerItemProxy */;
		};
		0E4433D4212585DE0055B736 /* PBXTargetDependency */ = {
			isa = PBXTargetDependency;
			target = 0E21786C211B137300680721 /* SwiftCollectionView */;
			targetProxy = 0E4433D3212585DE0055B736 /* PBXContainerItemProxy */;
		};
/* End PBXTargetDependency section */

/* Begin PBXVariantGroup section */
		0E217874211B137300680721 /* Main.storyboard */ = {
			isa = PBXVariantGroup;
			children = (
				0E217875211B137300680721 /* Base */,
			);
			name = Main.storyboard;
			sourceTree = "<group>";
		};
		0E217879211B137300680721 /* LaunchScreen.storyboard */ = {
			isa = PBXVariantGroup;
			children = (
				0E21787A211B137300680721 /* Base */,
			);
			name = LaunchScreen.storyboard;
			sourceTree = "<group>";
		};
/* End PBXVariantGroup section */

/* Begin XCBuildConfiguration section */
		0E15D07B2139395E0076B893 /* Debug */ = {
			isa = XCBuildConfiguration;
			baseConfigurationReference = DBF22E39C54F1F9E3BC4085F /* Pods-SwiftCollectionViewUITests.debug.xcconfig */;
			buildSettings = {
				CODE_SIGN_STYLE = Automatic;
				INFOPLIST_FILE = SwiftCollectionViewUITests/Info.plist;
				LD_RUNPATH_SEARCH_PATHS = (
					"$(inherited)",
					"@executable_path/Frameworks",
					"@loader_path/Frameworks",
				);
				PRODUCT_BUNDLE_IDENTIFIER = com.pranesh.SwiftCollectionViewUITests;
				PRODUCT_NAME = "$(TARGET_NAME)";
				SWIFT_VERSION = 4.0;
				TARGETED_DEVICE_FAMILY = "1,2";
				TEST_TARGET_NAME = SwiftCollectionView;
			};
			name = Debug;
		};
		0E15D07C2139395E0076B893 /* Release */ = {
			isa = XCBuildConfiguration;
			baseConfigurationReference = B224559C09E55DAC6F201146 /* Pods-SwiftCollectionViewUITests.release.xcconfig */;
			buildSettings = {
				CODE_SIGN_STYLE = Automatic;
				INFOPLIST_FILE = SwiftCollectionViewUITests/Info.plist;
				LD_RUNPATH_SEARCH_PATHS = (
					"$(inherited)",
					"@executable_path/Frameworks",
					"@loader_path/Frameworks",
				);
				PRODUCT_BUNDLE_IDENTIFIER = com.pranesh.SwiftCollectionViewUITests;
				PRODUCT_NAME = "$(TARGET_NAME)";
				SWIFT_VERSION = 4.0;
				TARGETED_DEVICE_FAMILY = "1,2";
				TEST_TARGET_NAME = SwiftCollectionView;
			};
			name = Release;
		};
		0E21787D211B137300680721 /* Debug */ = {
			isa = XCBuildConfiguration;
			buildSettings = {
				ALWAYS_SEARCH_USER_PATHS = NO;
				CLANG_ANALYZER_NONNULL = YES;
				CLANG_ANALYZER_NUMBER_OBJECT_CONVERSION = YES_AGGRESSIVE;
				CLANG_CXX_LANGUAGE_STANDARD = "gnu++14";
				CLANG_CXX_LIBRARY = "libc++";
				CLANG_ENABLE_MODULES = YES;
				CLANG_ENABLE_OBJC_ARC = YES;
				CLANG_ENABLE_OBJC_WEAK = YES;
				CLANG_WARN_BLOCK_CAPTURE_AUTORELEASING = YES;
				CLANG_WARN_BOOL_CONVERSION = YES;
				CLANG_WARN_COMMA = YES;
				CLANG_WARN_CONSTANT_CONVERSION = YES;
				CLANG_WARN_DEPRECATED_OBJC_IMPLEMENTATIONS = YES;
				CLANG_WARN_DIRECT_OBJC_ISA_USAGE = YES_ERROR;
				CLANG_WARN_DOCUMENTATION_COMMENTS = YES;
				CLANG_WARN_EMPTY_BODY = YES;
				CLANG_WARN_ENUM_CONVERSION = YES;
				CLANG_WARN_INFINITE_RECURSION = YES;
				CLANG_WARN_INT_CONVERSION = YES;
				CLANG_WARN_NON_LITERAL_NULL_CONVERSION = YES;
				CLANG_WARN_OBJC_IMPLICIT_RETAIN_SELF = YES;
				CLANG_WARN_OBJC_LITERAL_CONVERSION = YES;
				CLANG_WARN_OBJC_ROOT_CLASS = YES_ERROR;
				CLANG_WARN_RANGE_LOOP_ANALYSIS = YES;
				CLANG_WARN_STRICT_PROTOTYPES = YES;
				CLANG_WARN_SUSPICIOUS_MOVE = YES;
				CLANG_WARN_UNGUARDED_AVAILABILITY = YES_AGGRESSIVE;
				CLANG_WARN_UNREACHABLE_CODE = YES;
				CLANG_WARN__DUPLICATE_METHOD_MATCH = YES;
				CODE_SIGN_IDENTITY = "iPhone Developer";
				COPY_PHASE_STRIP = NO;
				DEBUG_INFORMATION_FORMAT = dwarf;
				ENABLE_STRICT_OBJC_MSGSEND = YES;
				ENABLE_TESTABILITY = YES;
				GCC_C_LANGUAGE_STANDARD = gnu11;
				GCC_DYNAMIC_NO_PIC = NO;
				GCC_NO_COMMON_BLOCKS = YES;
				GCC_OPTIMIZATION_LEVEL = 0;
				GCC_PREPROCESSOR_DEFINITIONS = (
					"DEBUG=1",
					"$(inherited)",
				);
				GCC_WARN_64_TO_32_BIT_CONVERSION = YES;
				GCC_WARN_ABOUT_RETURN_TYPE = YES_ERROR;
				GCC_WARN_UNDECLARED_SELECTOR = YES;
				GCC_WARN_UNINITIALIZED_AUTOS = YES_AGGRESSIVE;
				GCC_WARN_UNUSED_FUNCTION = YES;
				GCC_WARN_UNUSED_VARIABLE = YES;
				IPHONEOS_DEPLOYMENT_TARGET = 11.4;
				MTL_ENABLE_DEBUG_INFO = YES;
				ONLY_ACTIVE_ARCH = YES;
				SDKROOT = iphoneos;
				SWIFT_ACTIVE_COMPILATION_CONDITIONS = DEBUG;
				SWIFT_OPTIMIZATION_LEVEL = "-Onone";
			};
			name = Debug;
		};
		0E21787E211B137300680721 /* Release */ = {
			isa = XCBuildConfiguration;
			buildSettings = {
				ALWAYS_SEARCH_USER_PATHS = NO;
				CLANG_ANALYZER_NONNULL = YES;
				CLANG_ANALYZER_NUMBER_OBJECT_CONVERSION = YES_AGGRESSIVE;
				CLANG_CXX_LANGUAGE_STANDARD = "gnu++14";
				CLANG_CXX_LIBRARY = "libc++";
				CLANG_ENABLE_MODULES = YES;
				CLANG_ENABLE_OBJC_ARC = YES;
				CLANG_ENABLE_OBJC_WEAK = YES;
				CLANG_WARN_BLOCK_CAPTURE_AUTORELEASING = YES;
				CLANG_WARN_BOOL_CONVERSION = YES;
				CLANG_WARN_COMMA = YES;
				CLANG_WARN_CONSTANT_CONVERSION = YES;
				CLANG_WARN_DEPRECATED_OBJC_IMPLEMENTATIONS = YES;
				CLANG_WARN_DIRECT_OBJC_ISA_USAGE = YES_ERROR;
				CLANG_WARN_DOCUMENTATION_COMMENTS = YES;
				CLANG_WARN_EMPTY_BODY = YES;
				CLANG_WARN_ENUM_CONVERSION = YES;
				CLANG_WARN_INFINITE_RECURSION = YES;
				CLANG_WARN_INT_CONVERSION = YES;
				CLANG_WARN_NON_LITERAL_NULL_CONVERSION = YES;
				CLANG_WARN_OBJC_IMPLICIT_RETAIN_SELF = YES;
				CLANG_WARN_OBJC_LITERAL_CONVERSION = YES;
				CLANG_WARN_OBJC_ROOT_CLASS = YES_ERROR;
				CLANG_WARN_RANGE_LOOP_ANALYSIS = YES;
				CLANG_WARN_STRICT_PROTOTYPES = YES;
				CLANG_WARN_SUSPICIOUS_MOVE = YES;
				CLANG_WARN_UNGUARDED_AVAILABILITY = YES_AGGRESSIVE;
				CLANG_WARN_UNREACHABLE_CODE = YES;
				CLANG_WARN__DUPLICATE_METHOD_MATCH = YES;
				CODE_SIGN_IDENTITY = "iPhone Developer";
				COPY_PHASE_STRIP = NO;
				DEBUG_INFORMATION_FORMAT = "dwarf-with-dsym";
				ENABLE_NS_ASSERTIONS = NO;
				ENABLE_STRICT_OBJC_MSGSEND = YES;
				GCC_C_LANGUAGE_STANDARD = gnu11;
				GCC_NO_COMMON_BLOCKS = YES;
				GCC_WARN_64_TO_32_BIT_CONVERSION = YES;
				GCC_WARN_ABOUT_RETURN_TYPE = YES_ERROR;
				GCC_WARN_UNDECLARED_SELECTOR = YES;
				GCC_WARN_UNINITIALIZED_AUTOS = YES_AGGRESSIVE;
				GCC_WARN_UNUSED_FUNCTION = YES;
				GCC_WARN_UNUSED_VARIABLE = YES;
				IPHONEOS_DEPLOYMENT_TARGET = 11.4;
				MTL_ENABLE_DEBUG_INFO = NO;
				SDKROOT = iphoneos;
				SWIFT_COMPILATION_MODE = wholemodule;
				SWIFT_OPTIMIZATION_LEVEL = "-O";
				VALIDATE_PRODUCT = YES;
			};
			name = Release;
		};
		0E217880211B137300680721 /* Debug */ = {
			isa = XCBuildConfiguration;
			baseConfigurationReference = 2DEFC6B0226207C2F9FB16AA /* Pods-SwiftCollectionView.debug.xcconfig */;
			buildSettings = {
				ASSETCATALOG_COMPILER_APPICON_NAME = AppIcon;
				CODE_SIGN_STYLE = Automatic;
				FRAMEWORK_SEARCH_PATHS = (
					"$(inherited)",
					"\"${PODS_CONFIGURATION_BUILD_DIR}/Alamofire-framework\"",
					"\"${PODS_CONFIGURATION_BUILD_DIR}/AlamofireImage-framework\"",
					"\"${PODS_CONFIGURATION_BUILD_DIR}/BeerPod\"",
					"\"${PODS_CONFIGURATION_BUILD_DIR}/Swinject-framework\"",
				);
				INFOPLIST_FILE = SwiftCollectionView/Info.plist;
				LD_RUNPATH_SEARCH_PATHS = (
					"$(inherited)",
					"@executable_path/Frameworks",
				);
				PRODUCT_BUNDLE_IDENTIFIER = com.pranesh.SwiftCollectionView;
				PRODUCT_NAME = "$(TARGET_NAME)";
				SWIFT_VERSION = 4.0;
				TARGETED_DEVICE_FAMILY = "1,2";
			};
			name = Debug;
		};
		0E217881211B137300680721 /* Release */ = {
			isa = XCBuildConfiguration;
			baseConfigurationReference = 29A95A77F015D02DCC6386C8 /* Pods-SwiftCollectionView.release.xcconfig */;
			buildSettings = {
				ASSETCATALOG_COMPILER_APPICON_NAME = AppIcon;
				CODE_SIGN_STYLE = Automatic;
				INFOPLIST_FILE = SwiftCollectionView/Info.plist;
				LD_RUNPATH_SEARCH_PATHS = (
					"$(inherited)",
					"@executable_path/Frameworks",
				);
				PRODUCT_BUNDLE_IDENTIFIER = com.pranesh.SwiftCollectionView;
				PRODUCT_NAME = "$(TARGET_NAME)";
				SWIFT_VERSION = 4.0;
				TARGETED_DEVICE_FAMILY = "1,2";
			};
			name = Release;
		};
		0E4433D5212585DE0055B736 /* Debug */ = {
			isa = XCBuildConfiguration;
			baseConfigurationReference = FE665A34CDC9246187E1739B /* Pods-SwiftCollectionViewTests.debug.xcconfig */;
			buildSettings = {
				BUNDLE_LOADER = "$(TEST_HOST)";
				CODE_SIGN_STYLE = Automatic;
				INFOPLIST_FILE = SwiftCollectionViewTests/Info.plist;
				LD_RUNPATH_SEARCH_PATHS = (
					"$(inherited)",
					"@executable_path/Frameworks",
					"@loader_path/Frameworks",
				);
				PRODUCT_BUNDLE_IDENTIFIER = com.pranesh.SwiftCollectionViewTests;
				PRODUCT_NAME = "$(TARGET_NAME)";
				SWIFT_VERSION = 4.0;
				TARGETED_DEVICE_FAMILY = "1,2";
				TEST_HOST = "$(BUILT_PRODUCTS_DIR)/SwiftCollectionView.app/SwiftCollectionView";
			};
			name = Debug;
		};
		0E4433D6212585DE0055B736 /* Release */ = {
			isa = XCBuildConfiguration;
			baseConfigurationReference = F38C82F933D66F2F3D709655 /* Pods-SwiftCollectionViewTests.release.xcconfig */;
			buildSettings = {
				BUNDLE_LOADER = "$(TEST_HOST)";
				CODE_SIGN_STYLE = Automatic;
				INFOPLIST_FILE = SwiftCollectionViewTests/Info.plist;
				LD_RUNPATH_SEARCH_PATHS = (
					"$(inherited)",
					"@executable_path/Frameworks",
					"@loader_path/Frameworks",
				);
				PRODUCT_BUNDLE_IDENTIFIER = com.pranesh.SwiftCollectionViewTests;
				PRODUCT_NAME = "$(TARGET_NAME)";
				SWIFT_VERSION = 4.0;
				TARGETED_DEVICE_FAMILY = "1,2";
				TEST_HOST = "$(BUILT_PRODUCTS_DIR)/SwiftCollectionView.app/SwiftCollectionView";
			};
			name = Release;
		};
/* End XCBuildConfiguration section */

/* Begin XCConfigurationList section */
		0E15D07D2139395E0076B893 /* Build configuration list for PBXNativeTarget "SwiftCollectionViewUITests" */ = {
			isa = XCConfigurationList;
			buildConfigurations = (
				0E15D07B2139395E0076B893 /* Debug */,
				0E15D07C2139395E0076B893 /* Release */,
			);
			defaultConfigurationIsVisible = 0;
			defaultConfigurationName = Release;
		};
		0E217868211B137300680721 /* Build configuration list for PBXProject "SwiftCollectionView" */ = {
			isa = XCConfigurationList;
			buildConfigurations = (
				0E21787D211B137300680721 /* Debug */,
				0E21787E211B137300680721 /* Release */,
			);
			defaultConfigurationIsVisible = 0;
			defaultConfigurationName = Release;
		};
		0E21787F211B137300680721 /* Build configuration list for PBXNativeTarget "SwiftCollectionView" */ = {
			isa = XCConfigurationList;
			buildConfigurations = (
				0E217880211B137300680721 /* Debug */,
				0E217881211B137300680721 /* Release */,
			);
			defaultConfigurationIsVisible = 0;
			defaultConfigurationName = Release;
		};
		0E4433D7212585DE0055B736 /* Build configuration list for PBXNativeTarget "SwiftCollectionViewTests" */ = {
			isa = XCConfigurationList;
			buildConfigurations = (
				0E4433D5212585DE0055B736 /* Debug */,
				0E4433D6212585DE0055B736 /* Release */,
			);
			defaultConfigurationIsVisible = 0;
			defaultConfigurationName = Release;
		};
/* End XCConfigurationList section */
	};
	rootObject = 0E217865211B137300680721 /* Project object */;
}
